// !$*UTF8*$!
{
	archiveVersion = 1;
	classes = {
	};
	objectVersion = 56;
	objects = {

/* Begin PBXBuildFile section */
		3C934D532A894E9000B4BE03 /* WeatherRow.swift in Sources */ = {isa = PBXBuildFile; fileRef = 3C934D522A894E9000B4BE03 /* WeatherRow.swift */; };
		3C9695422A7EFA51001E78E4 /* WeatherView.swift in Sources */ = {isa = PBXBuildFile; fileRef = 3C9695412A7EFA51001E78E4 /* WeatherView.swift */; };
		3C9695442A7EFACC001E78E4 /* ModelData.swift in Sources */ = {isa = PBXBuildFile; fileRef = 3C9695432A7EFACC001E78E4 /* ModelData.swift */; };
		3C9695462A7EFAF5001E78E4 /* weatherData.json in Resources */ = {isa = PBXBuildFile; fileRef = 3C9695452A7EFAF5001E78E4 /* weatherData.json */; };
		3C9695482A7F04C2001E78E4 /* Extensions.swift in Sources */ = {isa = PBXBuildFile; fileRef = 3C9695472A7F04C2001E78E4 /* Extensions.swift */; };
		3CD2E0072A7BB72400FE2999 /* WeatherWizardApp.swift in Sources */ = {isa = PBXBuildFile; fileRef = 3CD2E0062A7BB72400FE2999 /* WeatherWizardApp.swift */; };
		3CD2E0092A7BB72400FE2999 /* ContentView.swift in Sources */ = {isa = PBXBuildFile; fileRef = 3CD2E0082A7BB72400FE2999 /* ContentView.swift */; };
		3CD2E00B2A7BB72800FE2999 /* Assets.xcassets in Resources */ = {isa = PBXBuildFile; fileRef = 3CD2E00A2A7BB72800FE2999 /* Assets.xcassets */; };
		3CD2E00E2A7BB72800FE2999 /* Preview Assets.xcassets in Resources */ = {isa = PBXBuildFile; fileRef = 3CD2E00D2A7BB72800FE2999 /* Preview Assets.xcassets */; };
		3CD2E0162A7BB8BC00FE2999 /* LocationManager.swift in Sources */ = {isa = PBXBuildFile; fileRef = 3CD2E0152A7BB8BC00FE2999 /* LocationManager.swift */; };
		3CD2E0192A7BC80E00FE2999 /* WelcomeView.swift in Sources */ = {isa = PBXBuildFile; fileRef = 3CD2E0182A7BC80E00FE2999 /* WelcomeView.swift */; };
		3CD2E01B2A7BCF7700FE2999 /* LoadingView.swift in Sources */ = {isa = PBXBuildFile; fileRef = 3CD2E01A2A7BCF7700FE2999 /* LoadingView.swift */; };
		3CD2E01D2A7BD20700FE2999 /* WeatherManager.swift in Sources */ = {isa = PBXBuildFile; fileRef = 3CD2E01C2A7BD20700FE2999 /* WeatherManager.swift */; };
/* End PBXBuildFile section */

/* Begin PBXFileReference section */
		3C934D522A894E9000B4BE03 /* WeatherRow.swift */ = {isa = PBXFileReference; lastKnownFileType = sourcecode.swift; path = WeatherRow.swift; sourceTree = "<group>"; };
		3C9695412A7EFA51001E78E4 /* WeatherView.swift */ = {isa = PBXFileReference; lastKnownFileType = sourcecode.swift; path = WeatherView.swift; sourceTree = "<group>"; };
		3C9695432A7EFACC001E78E4 /* ModelData.swift */ = {isa = PBXFileReference; lastKnownFileType = sourcecode.swift; path = ModelData.swift; sourceTree = "<group>"; };
		3C9695452A7EFAF5001E78E4 /* weatherData.json */ = {isa = PBXFileReference; lastKnownFileType = text.json; path = weatherData.json; sourceTree = "<group>"; };
		3C9695472A7F04C2001E78E4 /* Extensions.swift */ = {isa = PBXFileReference; lastKnownFileType = sourcecode.swift; path = Extensions.swift; sourceTree = "<group>"; };
		3CD2E0032A7BB72400FE2999 /* WeatherWizard.app */ = {isa = PBXFileReference; explicitFileType = wrapper.application; includeInIndex = 0; path = WeatherWizard.app; sourceTree = BUILT_PRODUCTS_DIR; };
		3CD2E0062A7BB72400FE2999 /* WeatherWizardApp.swift */ = {isa = PBXFileReference; lastKnownFileType = sourcecode.swift; path = WeatherWizardApp.swift; sourceTree = "<group>"; };
		3CD2E0082A7BB72400FE2999 /* ContentView.swift */ = {isa = PBXFileReference; lastKnownFileType = sourcecode.swift; path = ContentView.swift; sourceTree = "<group>"; };
		3CD2E00A2A7BB72800FE2999 /* Assets.xcassets */ = {isa = PBXFileReference; lastKnownFileType = folder.assetcatalog; path = Assets.xcassets; sourceTree = "<group>"; };
		3CD2E00D2A7BB72800FE2999 /* Preview Assets.xcassets */ = {isa = PBXFileReference; lastKnownFileType = folder.assetcatalog; path = "Preview Assets.xcassets"; sourceTree = "<group>"; };
		3CD2E0152A7BB8BC00FE2999 /* LocationManager.swift */ = {isa = PBXFileReference; lastKnownFileType = sourcecode.swift; path = LocationManager.swift; sourceTree = "<group>"; };
		3CD2E0182A7BC80E00FE2999 /* WelcomeView.swift */ = {isa = PBXFileReference; lastKnownFileType = sourcecode.swift; path = WelcomeView.swift; sourceTree = "<group>"; };
		3CD2E01A2A7BCF7700FE2999 /* LoadingView.swift */ = {isa = PBXFileReference; lastKnownFileType = sourcecode.swift; path = LoadingView.swift; sourceTree = "<group>"; };
		3CD2E01C2A7BD20700FE2999 /* WeatherManager.swift */ = {isa = PBXFileReference; lastKnownFileType = sourcecode.swift; path = WeatherManager.swift; sourceTree = "<group>"; };
/* End PBXFileReference section */

/* Begin PBXFrameworksBuildPhase section */
		3CD2E0002A7BB72400FE2999 /* Frameworks */ = {
			isa = PBXFrameworksBuildPhase;
			buildActionMask = 2147483647;
			files = (
			);
			runOnlyForDeploymentPostprocessing = 0;
		};
/* End PBXFrameworksBuildPhase section */

/* Begin PBXGroup section */
		3CD2DFFA2A7BB72400FE2999 = {
			isa = PBXGroup;
			children = (
				3CD2E0052A7BB72400FE2999 /* WeatherWizard */,
				3CD2E0042A7BB72400FE2999 /* Products */,
			);
			sourceTree = "<group>";
		};
		3CD2E0042A7BB72400FE2999 /* Products */ = {
			isa = PBXGroup;
			children = (
				3CD2E0032A7BB72400FE2999 /* WeatherWizard.app */,
			);
			name = Products;
			sourceTree = "<group>";
		};
		3CD2E0052A7BB72400FE2999 /* WeatherWizard */ = {
			isa = PBXGroup;
			children = (
				3CD2E0062A7BB72400FE2999 /* WeatherWizardApp.swift */,
				3CD2E0172A7BC7C900FE2999 /* Views */,
				3CD2E0142A7BB8AF00FE2999 /* Managers */,
				3C9695472A7F04C2001E78E4 /* Extensions.swift */,
				3CD2E00A2A7BB72800FE2999 /* Assets.xcassets */,
				3CD2E00C2A7BB72800FE2999 /* Preview Content */,
			);
			path = WeatherWizard;
			sourceTree = "<group>";
		};
		3CD2E00C2A7BB72800FE2999 /* Preview Content */ = {
			isa = PBXGroup;
			children = (
				3CD2E00D2A7BB72800FE2999 /* Preview Assets.xcassets */,
				3C9695432A7EFACC001E78E4 /* ModelData.swift */,
				3C9695452A7EFAF5001E78E4 /* weatherData.json */,
			);
			path = "Preview Content";
			sourceTree = "<group>";
		};
		3CD2E0142A7BB8AF00FE2999 /* Managers */ = {
			isa = PBXGroup;
			children = (
				3CD2E0152A7BB8BC00FE2999 /* LocationManager.swift */,
				3CD2E01C2A7BD20700FE2999 /* WeatherManager.swift */,
			);
			path = Managers;
			sourceTree = "<group>";
		};
		3CD2E0172A7BC7C900FE2999 /* Views */ = {
			isa = PBXGroup;
			children = (
				3CD2E0182A7BC80E00FE2999 /* WelcomeView.swift */,
				3CD2E0082A7BB72400FE2999 /* ContentView.swift */,
				3CD2E01A2A7BCF7700FE2999 /* LoadingView.swift */,
				3C9695412A7EFA51001E78E4 /* WeatherView.swift */,
				3C934D522A894E9000B4BE03 /* WeatherRow.swift */,
			);
			path = Views;
			sourceTree = "<group>";
		};
/* End PBXGroup section */

/* Begin PBXNativeTarget section */
		3CD2E0022A7BB72400FE2999 /* WeatherWizard */ = {
			isa = PBXNativeTarget;
			buildConfigurationList = 3CD2E0112A7BB72800FE2999 /* Build configuration list for PBXNativeTarget "WeatherWizard" */;
			buildPhases = (
				3CD2DFFF2A7BB72400FE2999 /* Sources */,
				3CD2E0002A7BB72400FE2999 /* Frameworks */,
				3CD2E0012A7BB72400FE2999 /* Resources */,
			);
			buildRules = (
			);
			dependencies = (
			);
			name = WeatherWizard;
			productName = WeatherWizard;
			productReference = 3CD2E0032A7BB72400FE2999 /* WeatherWizard.app */;
			productType = "com.apple.product-type.application";
		};
/* End PBXNativeTarget section */

/* Begin PBXProject section */
		3CD2DFFB2A7BB72400FE2999 /* Project object */ = {
			isa = PBXProject;
			attributes = {
				BuildIndependentTargetsInParallel = 1;
				LastSwiftUpdateCheck = 1500;
				LastUpgradeCheck = 1500;
				TargetAttributes = {
					3CD2E0022A7BB72400FE2999 = {
						CreatedOnToolsVersion = 15.0;
					};
				};
			};
			buildConfigurationList = 3CD2DFFE2A7BB72400FE2999 /* Build configuration list for PBXProject "WeatherWizard" */;
			compatibilityVersion = "Xcode 14.0";
			developmentRegion = en;
			hasScannedForEncodings = 0;
			knownRegions = (
				en,
				Base,
			);
			mainGroup = 3CD2DFFA2A7BB72400FE2999;
			productRefGroup = 3CD2E0042A7BB72400FE2999 /* Products */;
			projectDirPath = "";
			projectRoot = "";
			targets = (
				3CD2E0022A7BB72400FE2999 /* WeatherWizard */,
			);
		};
/* End PBXProject section */

/* Begin PBXResourcesBuildPhase section */
		3CD2E0012A7BB72400FE2999 /* Resources */ = {
			isa = PBXResourcesBuildPhase;
			buildActionMask = 2147483647;
			files = (
				3CD2E00E2A7BB72800FE2999 /* Preview Assets.xcassets in Resources */,
				3C9695462A7EFAF5001E78E4 /* weatherData.json in Resources */,
				3CD2E00B2A7BB72800FE2999 /* Assets.xcassets in Resources */,
			);
			runOnlyForDeploymentPostprocessing = 0;
		};
/* End PBXResourcesBuildPhase section */

/* Begin PBXSourcesBuildPhase section */
		3CD2DFFF2A7BB72400FE2999 /* Sources */ = {
			isa = PBXSourcesBuildPhase;
			buildActionMask = 2147483647;
			files = (
				3CD2E01D2A7BD20700FE2999 /* WeatherManager.swift in Sources */,
				3C9695482A7F04C2001E78E4 /* Extensions.swift in Sources */,
				3CD2E0092A7BB72400FE2999 /* ContentView.swift in Sources */,
				3CD2E0072A7BB72400FE2999 /* WeatherWizardApp.swift in Sources */,
				3CD2E0162A7BB8BC00FE2999 /* LocationManager.swift in Sources */,
				3C934D532A894E9000B4BE03 /* WeatherRow.swift in Sources */,
				3CD2E01B2A7BCF7700FE2999 /* LoadingView.swift in Sources */,
				3C9695442A7EFACC001E78E4 /* ModelData.swift in Sources */,
				3C9695422A7EFA51001E78E4 /* WeatherView.swift in Sources */,
				3CD2E0192A7BC80E00FE2999 /* WelcomeView.swift in Sources */,
			);
			runOnlyForDeploymentPostprocessing = 0;
		};
/* End PBXSourcesBuildPhase section */

/* Begin XCBuildConfiguration section */
		3CD2E00F2A7BB72800FE2999 /* Debug */ = {
			isa = XCBuildConfiguration;
			buildSettings = {
				ALWAYS_SEARCH_USER_PATHS = NO;
				ASSETCATALOG_COMPILER_GENERATE_SWIFT_ASSET_SYMBOL_EXTENSIONS = YES;
				CLANG_ANALYZER_NONNULL = YES;
				CLANG_ANALYZER_NUMBER_OBJECT_CONVERSION = YES_AGGRESSIVE;
				CLANG_CXX_LANGUAGE_STANDARD = "gnu++20";
				CLANG_ENABLE_MODULES = YES;
				CLANG_ENABLE_OBJC_ARC = YES;
				CLANG_ENABLE_OBJC_WEAK = YES;
				CLANG_WARN_BLOCK_CAPTURE_AUTORELEASING = YES;
				CLANG_WARN_BOOL_CONVERSION = YES;
				CLANG_WARN_COMMA = YES;
				CLANG_WARN_CONSTANT_CONVERSION = YES;
				CLANG_WARN_DEPRECATED_OBJC_IMPLEMENTATIONS = YES;
				CLANG_WARN_DIRECT_OBJC_ISA_USAGE = YES_ERROR;
				CLANG_WARN_DOCUMENTATION_COMMENTS = YES;
				CLANG_WARN_EMPTY_BODY = YES;
				CLANG_WARN_ENUM_CONVERSION = YES;
				CLANG_WARN_INFINITE_RECURSION = YES;
				CLANG_WARN_INT_CONVERSION = YES;
				CLANG_WARN_NON_LITERAL_NULL_CONVERSION = YES;
				CLANG_WARN_OBJC_IMPLICIT_RETAIN_SELF = YES;
				CLANG_WARN_OBJC_LITERAL_CONVERSION = YES;
				CLANG_WARN_OBJC_ROOT_CLASS = YES_ERROR;
				CLANG_WARN_QUOTED_INCLUDE_IN_FRAMEWORK_HEADER = YES;
				CLANG_WARN_RANGE_LOOP_ANALYSIS = YES;
				CLANG_WARN_STRICT_PROTOTYPES = YES;
				CLANG_WARN_SUSPICIOUS_MOVE = YES;
				CLANG_WARN_UNGUARDED_AVAILABILITY = YES_AGGRESSIVE;
				CLANG_WARN_UNREACHABLE_CODE = YES;
				CLANG_WARN__DUPLICATE_METHOD_MATCH = YES;
				COPY_PHASE_STRIP = NO;
				DEBUG_INFORMATION_FORMAT = dwarf;
				ENABLE_STRICT_OBJC_MSGSEND = YES;
				ENABLE_TESTABILITY = YES;
				ENABLE_USER_SCRIPT_SANDBOXING = YES;
				GCC_C_LANGUAGE_STANDARD = gnu17;
				GCC_DYNAMIC_NO_PIC = NO;
				GCC_NO_COMMON_BLOCKS = YES;
				GCC_OPTIMIZATION_LEVEL = 0;
				GCC_PREPROCESSOR_DEFINITIONS = (
					"DEBUG=1",
					"$(inherited)",
				);
				GCC_WARN_64_TO_32_BIT_CONVERSION = YES;
				GCC_WARN_ABOUT_RETURN_TYPE = YES_ERROR;
				GCC_WARN_UNDECLARED_SELECTOR = YES;
				GCC_WARN_UNINITIALIZED_AUTOS = YES_AGGRESSIVE;
				GCC_WARN_UNUSED_FUNCTION = YES;
				GCC_WARN_UNUSED_VARIABLE = YES;
				IPHONEOS_DEPLOYMENT_TARGET = 17.0;
				LOCALIZATION_PREFERS_STRING_CATALOGS = YES;
				MTL_ENABLE_DEBUG_INFO = INCLUDE_SOURCE;
				MTL_FAST_MATH = YES;
				ONLY_ACTIVE_ARCH = YES;
				SDKROOT = iphoneos;
				SWIFT_ACTIVE_COMPILATION_CONDITIONS = "DEBUG $(inherited)";
				SWIFT_OPTIMIZATION_LEVEL = "-Onone";
			};
			name = Debug;
		};
		3CD2E0102A7BB72800FE2999 /* Release */ = {
			isa = XCBuildConfiguration;
			buildSettings = {
				ALWAYS_SEARCH_USER_PATHS = NO;
				ASSETCATALOG_COMPILER_GENERATE_SWIFT_ASSET_SYMBOL_EXTENSIONS = YES;
				CLANG_ANALYZER_NONNULL = YES;
				CLANG_ANALYZER_NUMBER_OBJECT_CONVERSION = YES_AGGRESSIVE;
				CLANG_CXX_LANGUAGE_STANDARD = "gnu++20";
				CLANG_ENABLE_MODULES = YES;
				CLANG_ENABLE_OBJC_ARC = YES;
				CLANG_ENABLE_OBJC_WEAK = YES;
				CLANG_WARN_BLOCK_CAPTURE_AUTORELEASING = YES;
				CLANG_WARN_BOOL_CONVERSION = YES;
				CLANG_WARN_COMMA = YES;
				CLANG_WARN_CONSTANT_CONVERSION = YES;
				CLANG_WARN_DEPRECATED_OBJC_IMPLEMENTATIONS = YES;
				CLANG_WARN_DIRECT_OBJC_ISA_USAGE = YES_ERROR;
				CLANG_WARN_DOCUMENTATION_COMMENTS = YES;
				CLANG_WARN_EMPTY_BODY = YES;
				CLANG_WARN_ENUM_CONVERSION = YES;
				CLANG_WARN_INFINITE_RECURSION = YES;
				CLANG_WARN_INT_CONVERSION = YES;
				CLANG_WARN_NON_LITERAL_NULL_CONVERSION = YES;
				CLANG_WARN_OBJC_IMPLICIT_RETAIN_SELF = YES;
				CLANG_WARN_OBJC_LITERAL_CONVERSION = YES;
				CLANG_WARN_OBJC_ROOT_CLASS = YES_ERROR;
				CLANG_WARN_QUOTED_INCLUDE_IN_FRAMEWORK_HEADER = YES;
				CLANG_WARN_RANGE_LOOP_ANALYSIS = YES;
				CLANG_WARN_STRICT_PROTOTYPES = YES;
				CLANG_WARN_SUSPICIOUS_MOVE = YES;
				CLANG_WARN_UNGUARDED_AVAILABILITY = YES_AGGRESSIVE;
				CLANG_WARN_UNREACHABLE_CODE = YES;
				CLANG_WARN__DUPLICATE_METHOD_MATCH = YES;
				COPY_PHASE_STRIP = NO;
				DEBUG_INFORMATION_FORMAT = "dwarf-with-dsym";
				ENABLE_NS_ASSERTIONS = NO;
				ENABLE_STRICT_OBJC_MSGSEND = YES;
				ENABLE_USER_SCRIPT_SANDBOXING = YES;
				GCC_C_LANGUAGE_STANDARD = gnu17;
				GCC_NO_COMMON_BLOCKS = YES;
				GCC_WARN_64_TO_32_BIT_CONVERSION = YES;
				GCC_WARN_ABOUT_RETURN_TYPE = YES_ERROR;
				GCC_WARN_UNDECLARED_SELECTOR = YES;
				GCC_WARN_UNINITIALIZED_AUTOS = YES_AGGRESSIVE;
				GCC_WARN_UNUSED_FUNCTION = YES;
				GCC_WARN_UNUSED_VARIABLE = YES;
				IPHONEOS_DEPLOYMENT_TARGET = 17.0;
				LOCALIZATION_PREFERS_STRING_CATALOGS = YES;
				MTL_ENABLE_DEBUG_INFO = NO;
				MTL_FAST_MATH = YES;
				SDKROOT = iphoneos;
				SWIFT_COMPILATION_MODE = wholemodule;
				VALIDATE_PRODUCT = YES;
			};
			name = Release;
		};
		3CD2E0122A7BB72800FE2999 /* Debug */ = {
			isa = XCBuildConfiguration;
			buildSettings = {
				ASSETCATALOG_COMPILER_APPICON_NAME = AppIcon;
				ASSETCATALOG_COMPILER_GLOBAL_ACCENT_COLOR_NAME = AccentColor;
				CODE_SIGN_STYLE = Automatic;
				CURRENT_PROJECT_VERSION = 1;
				DEVELOPMENT_ASSET_PATHS = "\"WeatherWizard/Preview Content\"";
				DEVELOPMENT_TEAM = A5PP5569YS;
				ENABLE_PREVIEWS = YES;
				GENERATE_INFOPLIST_FILE = YES;
				INFOPLIST_KEY_LSApplicationCategoryType = "public.app-category.weather";
				INFOPLIST_KEY_UIApplicationSceneManifest_Generation = YES;
				INFOPLIST_KEY_UIApplicationSupportsIndirectInputEvents = YES;
				INFOPLIST_KEY_UILaunchScreen_Generation = YES;
				INFOPLIST_KEY_UISupportedInterfaceOrientations = UIInterfaceOrientationPortrait;
				IPHONEOS_DEPLOYMENT_TARGET = 16.1;
				LD_RUNPATH_SEARCH_PATHS = (
					"$(inherited)",
					"@executable_path/Frameworks",
				);
				MARKETING_VERSION = 1.0;
				PRODUCT_BUNDLE_IDENTIFIER = dsm5e.WeatherWizard;
				PRODUCT_NAME = "$(TARGET_NAME)";
				SWIFT_EMIT_LOC_STRINGS = YES;
				SWIFT_VERSION = 5.0;
				TARGETED_DEVICE_FAMILY = "1,2";
			};
			name = Debug;
		};
		3CD2E0132A7BB72800FE2999 /* Release */ = {
			isa = XCBuildConfiguration;
			buildSettings = {
				ASSETCATALOG_COMPILER_APPICON_NAME = AppIcon;
				ASSETCATALOG_COMPILER_GLOBAL_ACCENT_COLOR_NAME = AccentColor;
				CODE_SIGN_STYLE = Automatic;
				CURRENT_PROJECT_VERSION = 1;
				DEVELOPMENT_ASSET_PATHS = "\"WeatherWizard/Preview Content\"";
				DEVELOPMENT_TEAM = A5PP5569YS;
				ENABLE_PREVIEWS = YES;
				GENERATE_INFOPLIST_FILE = YES;
				INFOPLIST_KEY_LSApplicationCategoryType = "public.app-category.weather";
				INFOPLIST_KEY_UIApplicationSceneManifest_Generation = YES;
				INFOPLIST_KEY_UIApplicationSupportsIndirectInputEvents = YES;
				INFOPLIST_KEY_UILaunchScreen_Generation = YES;
				INFOPLIST_KEY_UISupportedInterfaceOrientations = UIInterfaceOrientationPortrait;
				IPHONEOS_DEPLOYMENT_TARGET = 16.1;
				LD_RUNPATH_SEARCH_PATHS = (
					"$(inherited)",
					"@executable_path/Frameworks",
				);
				MARKETING_VERSION = 1.0;
				PRODUCT_BUNDLE_IDENTIFIER = dsm5e.WeatherWizard;
				PRODUCT_NAME = "$(TARGET_NAME)";
				SWIFT_EMIT_LOC_STRINGS = YES;
				SWIFT_VERSION = 5.0;
				TARGETED_DEVICE_FAMILY = "1,2";
			};
			name = Release;
		};
/* End XCBuildConfiguration section */

/* Begin XCConfigurationList section */
		3CD2DFFE2A7BB72400FE2999 /* Build configuration list for PBXProject "WeatherWizard" */ = {
			isa = XCConfigurationList;
			buildConfigurations = (
				3CD2E00F2A7BB72800FE2999 /* Debug */,
				3CD2E0102A7BB72800FE2999 /* Release */,
			);
			defaultConfigurationIsVisible = 0;
			defaultConfigurationName = Release;
		};
		3CD2E0112A7BB72800FE2999 /* Build configuration list for PBXNativeTarget "WeatherWizard" */ = {
			isa = XCConfigurationList;
			buildConfigurations = (
				3CD2E0122A7BB72800FE2999 /* Debug */,
				3CD2E0132A7BB72800FE2999 /* Release */,
			);
			defaultConfigurationIsVisible = 0;
			defaultConfigurationName = Release;
		};
/* End XCConfigurationList section */
	};
	rootObject = 3CD2DFFB2A7BB72400FE2999 /* Project object */;
}
